<?xml version="1.0" encoding="utf-8"?>
<Project ToolsVersion="4.0" xmlns="http://schemas.microsoft.com/developer/msbuild/2003">
	<ItemGroup>
		<Filter Include="Module Common">
		</Filter>
	</ItemGroup>
	<ItemGroup>
		<Filter Include="Module Common\cuda">
		</Filter>
	</ItemGroup>
	<ItemGroup>
		<None Include="..\..\module\common\cuda\blocksync.cuh">
			<Filter>Module Common\cuda</Filter>
		</None>
		<None Include="..\..\module\common\cuda\common.cuh">
			<Filter>Module Common\cuda</Filter>
		</None>
		<None Include="..\..\module\common\cuda\reduce.cuh">
			<Filter>Module Common\cuda</Filter>
		</None>
		<None Include="..\..\module\common\cuda\scan.cuh">
			<Filter>Module Common\cuda</Filter>
		</None>
	</ItemGroup>
	<ItemGroup>
		<Filter Include="Module Common\src">
		</Filter>
	</ItemGroup>
	<ItemGroup>
		<ClCompile Include="..\..\module\common\src\CudaModuleScene.cpp">
			<Filter>Module Common\src</Filter>
		</ClCompile>
		<ClCompile Include="..\..\module\common\src\ModuleProfileCommon.cpp">
			<Filter>Module Common\src</Filter>
		</ClCompile>
	</ItemGroup>
	<ItemGroup>
		<Filter Include="Module Common\include">
		</Filter>
	</ItemGroup>
	<ItemGroup>
		<ClInclude Include="..\..\module\common\include\CudaModuleScene.h">
			<Filter>Module Common\include</Filter>
		</ClInclude>
		<ClInclude Include="..\..\module\common\include\ModuleProfileCommon.h">
			<Filter>Module Common\include</Filter>
		</ClInclude>
	</ItemGroup>
	<ItemGroup>
	</ItemGroup>
	<ItemGroup>
		<Filter Include="CUDA Modules">
		</Filter>
	</ItemGroup>
	<ItemGroup>
		<CustomBuild Include="..\..\module\fieldsampler\cuda\fieldsampler.cu">
			<Filter>CUDA Modules</Filter>
		</CustomBuild>
	</ItemGroup>
	<ItemGroup>
		<Filter Include="CUDA Source">
		</Filter>
	</ItemGroup>
	<ItemGroup>
		<Filter Include="CUDA Source\include">
		</Filter>
	</ItemGroup>
	<ItemGroup>
		<ClInclude Include="..\..\module\fieldsampler\cuda\include\common.h">
			<Filter>CUDA Source\include</Filter>
		</ClInclude>
		<ClInclude Include="..\..\module\fieldsampler\cuda\include\fieldsampler.h">
			<Filter>CUDA Source\include</Filter>
		</ClInclude>
		<ClInclude Include="..\..\module\fieldsampler\cuda\include\fieldsamplerInc.h">
			<Filter>CUDA Source\include</Filter>
		</ClInclude>
		<None Include="..\..\module\fieldsampler\cuda\include\fieldsamplerInc.cuh">
			<Filter>CUDA Source\include</Filter>
		</None>
	</ItemGroup>
	<ItemGroup>
	</ItemGroup>
	<ItemGroup>
		<Filter Include="FieldSampler">
		</Filter>
	</ItemGroup>
	<ItemGroup>
		<Filter Include="FieldSampler\src">
		</Filter>
	</ItemGroup>
	<ItemGroup>
		<Filter Include="FieldSampler\src\autogen">
		</Filter>
	</ItemGroup>
	<ItemGroup>
		<ClCompile Include="..\..\module\fieldsampler\src\autogen\FieldSamplerModuleParameters.cpp">
			<Filter>FieldSampler\src\autogen</Filter>
		</ClCompile>
		<ClCompile Include="..\..\module\fieldsampler\src\autogen\FieldSamplerPhysXMonitorParams.cpp">
			<Filter>FieldSampler\src\autogen</Filter>
		</ClCompile>
	</ItemGroup>
	<ItemGroup>
		<ClCompile Include="..\..\module\fieldsampler\src\FieldBoundaryWrapper.cpp">
			<Filter>FieldSampler\src</Filter>
		</ClCompile>
		<ClCompile Include="..\..\module\fieldsampler\src\FieldSamplerManager.cpp">
			<Filter>FieldSampler\src</Filter>
		</ClCompile>
		<ClCompile Include="..\..\module\fieldsampler\src\FieldSamplerPhysXMonitor.cpp">
			<Filter>FieldSampler\src</Filter>
		</ClCompile>
		<ClCompile Include="..\..\module\fieldsampler\src\FieldSamplerQuery.cpp">
			<Filter>FieldSampler\src</Filter>
		</ClCompile>
		<ClCompile Include="..\..\module\fieldsampler\src\FieldSamplerScene.cpp">
			<Filter>FieldSampler\src</Filter>
		</ClCompile>
		<ClCompile Include="..\..\module\fieldsampler\src\FieldSamplerSceneWrapper.cpp">
			<Filter>FieldSampler\src</Filter>
		</ClCompile>
		<ClCompile Include="..\..\module\fieldsampler\src\FieldSamplerWrapper.cpp">
			<Filter>FieldSampler\src</Filter>
		</ClCompile>
		<ClCompile Include="..\..\module\fieldsampler\src\ModuleFieldSamplerImpl.cpp">
			<Filter>FieldSampler\src</Filter>
		</ClCompile>
	</ItemGroup>
	<ItemGroup>
		<Filter Include="FieldSampler\include">
		</Filter>
	</ItemGroup>
	<ItemGroup>
		<Filter Include="FieldSampler\include\autogen">
		</Filter>
	</ItemGroup>
	<ItemGroup>
		<ClInclude Include="..\..\module\fieldsampler\include\autogen\FieldSamplerModuleParameters.h">
			<Filter>FieldSampler\include\autogen</Filter>
		</ClInclude>
		<ClInclude Include="..\..\module\fieldsampler\include\autogen\FieldSamplerPhysXMonitorParams.h">
			<Filter>FieldSampler\include\autogen</Filter>
		</ClInclude>
		<ClInclude Include="..\..\module\fieldsampler\include\autogen\ModuleFieldSamplerRegistration.h">
			<Filter>FieldSampler\include\autogen</Filter>
		</ClInclude>
	</ItemGroup>
	<ItemGroup>
		<ClInclude Include="..\..\module\fieldsampler\include\FieldBoundaryWrapper.h">
			<Filter>FieldSampler\include</Filter>
		</ClInclude>
		<ClInclude Include="..\..\module\fieldsampler\include\FieldSamplerCommon.h">
			<Filter>FieldSampler\include</Filter>
		</ClInclude>
		<ClInclude Include="..\..\module\fieldsampler\include\FieldSamplerManager.h">
			<Filter>FieldSampler\include</Filter>
		</ClInclude>
		<ClInclude Include="..\..\module\fieldsampler\include\FieldSamplerPhysXMonitor.h">
			<Filter>FieldSampler\include</Filter>
		</ClInclude>
		<ClInclude Include="..\..\module\fieldsampler\include\FieldSamplerQuery.h">
			<Filter>FieldSampler\include</Filter>
		</ClInclude>
		<ClInclude Include="..\..\module\fieldsampler\include\FieldSamplerScene.h">
			<Filter>FieldSampler\include</Filter>
		</ClInclude>
		<ClInclude Include="..\..\module\fieldsampler\include\FieldSamplerSceneWrapper.h">
			<Filter>FieldSampler\include</Filter>
		</ClInclude>
		<ClInclude Include="..\..\module\fieldsampler\include\FieldSamplerWrapper.h">
			<Filter>FieldSampler\include</Filter>
		</ClInclude>
		<ClInclude Include="..\..\module\fieldsampler\include\ModuleEventDefs.h">
			<Filter>FieldSampler\include</Filter>
		</ClInclude>
		<ClInclude Include="..\..\module\fieldsampler\include\ModuleFieldSamplerImpl.h">
			<Filter>FieldSampler\include</Filter>
		</ClInclude>
		<ClInclude Include="..\..\module\fieldsampler\include\ModuleGpuEventDefs.h">
			<Filter>FieldSampler\include</Filter>
		</ClInclude>
		<ClInclude Include="..\..\module\fieldsampler\include\ModulePerfScope.h">
			<Filter>FieldSampler\include</Filter>
		</ClInclude>
	</ItemGroup>
	<ItemGroup>
		<ClInclude Include="..\..\include\fieldsampler\ModuleFieldSampler.h">
			<Filter>FieldSampler</Filter>
		</ClInclude>
	</ItemGroup>
</Project>